
Microsoft Visual Studio Solution File, Format Version 12.00
# Visual Studio 2012
Project("{FAE04EC0-301F-11D3-BF4B-00C04F79EFBC}") = "Material-Calendar-View-for-Xamarin", "Material-Calendar-View-for-Xamarin\Material-Calendar-View-for-Xamarin.csproj", "{52FC4FB3-EBAB-4B16-A5D7-F9062045F64C}"
EndProject
Project("{FAE04EC0-301F-11D3-BF4B-00C04F79EFBC}") = "Sample", "Sample\Sample.csproj", "{04388069-B4C2-409D-97A7-B00FD3D88DAD}"
EndProject
Global
	GlobalSection(SolutionConfigurationPlatforms) = preSolution
		Debug|Any CPU = Debug|Any CPU
		Release|Any CPU = Release|Any CPU
	EndGlobalSection
	GlobalSection(ProjectConfigurationPlatforms) = postSolution
		{52FC4FB3-EBAB-4B16-A5D7-F9062045F64C}.Debug|Any CPU.ActiveCfg = Debug|Any CPU
		{52FC4FB3-EBAB-4B16-A5D7-F9062045F64C}.Debug|Any CPU.Build.0 = Debug|Any CPU
		{52FC4FB3-EBAB-4B16-A5D7-F9062045F64C}.Release|Any CPU.ActiveCfg = Release|Any CPU
		{52FC4FB3-EBAB-4B16-A5D7-F9062045F64C}.Release|Any CPU.Build.0 = Release|Any CPU
		{04388069-B4C2-409D-97A7-B00FD3D88DAD}.Debug|Any CPU.ActiveCfg = Debug|Any CPU
		{04388069-B4C2-409D-97A7-B00FD3D88DAD}.Debug|Any CPU.Build.0 = Debug|Any CPU
		{04388069-B4C2-409D-97A7-B00FD3D88DAD}.Release|Any CPU.ActiveCfg = Release|Any CPU
		{04388069-B4C2-409D-97A7-B00FD3D88DAD}.Release|Any CPU.Build.0 = Release|Any CPU
	EndGlobalSection
EndGlobal
